// !$*UTF8*$!
{
	archiveVersion = 1;
	classes = {
	};
	objectVersion = 46;
	objects = {

/* Begin PBXBuildFile section */
		6765D3191B9F2D2A00BEDAB2 /* music.wav in Resources */ = {isa = PBXBuildFile; fileRef = 6765D3181B9F2D2A00BEDAB2 /* music.wav */; };
		6797D79E1B34698A00A2DD9B /* silent.png in Resources */ = {isa = PBXBuildFile; fileRef = 6797D79C1B34698A00A2DD9B /* silent.png */; };
		6797D79F1B34698A00A2DD9B /* super.png in Resources */ = {isa = PBXBuildFile; fileRef = 6797D79D1B34698A00A2DD9B /* super.png */; };
		67987C631B2FF09A0051A843 /* main.m in Sources */ = {isa = PBXBuildFile; fileRef = 67987C621B2FF09A0051A843 /* main.m */; };
		67987C661B2FF09A0051A843 /* AppDelegate.m in Sources */ = {isa = PBXBuildFile; fileRef = 67987C651B2FF09A0051A843 /* AppDelegate.m */; };
		67987C6C1B2FF09A0051A843 /* Main.storyboard in Resources */ = {isa = PBXBuildFile; fileRef = 67987C6A1B2FF09A0051A843 /* Main.storyboard */; };
		67987C6E1B2FF09A0051A843 /* Images.xcassets in Resources */ = {isa = PBXBuildFile; fileRef = 67987C6D1B2FF09A0051A843 /* Images.xcassets */; };
		67987C711B2FF09A0051A843 /* LaunchScreen.xib in Resources */ = {isa = PBXBuildFile; fileRef = 67987C6F1B2FF09A0051A843 /* LaunchScreen.xib */; };
		67987C7D1B2FF09A0051A843 /* _048Tests.m in Sources */ = {isa = PBXBuildFile; fileRef = 67987C7C1B2FF09A0051A843 /* _048Tests.m */; };
		67987C9B1B3008730051A843 /* RootViewController.m in Sources */ = {isa = PBXBuildFile; fileRef = 67987C9A1B3008730051A843 /* RootViewController.m */; };
		67E7DA2F1B31666A000EEDF5 /* MainViewController.m in Sources */ = {isa = PBXBuildFile; fileRef = 67E7DA2E1B31666A000EEDF5 /* MainViewController.m */; };
		67E7DA361B32390D000EEDF5 /* 29*3.png in Resources */ = {isa = PBXBuildFile; fileRef = 67E7DA321B32390D000EEDF5 /* 29*3.png */; };
		67E7DA371B32390D000EEDF5 /* 40*2.png in Resources */ = {isa = PBXBuildFile; fileRef = 67E7DA331B32390D000EEDF5 /* 40*2.png */; };
		67E7DA381B32390D000EEDF5 /* 40*3.png in Resources */ = {isa = PBXBuildFile; fileRef = 67E7DA341B32390D000EEDF5 /* 40*3.png */; };
		67E7DA3C1B323A36000EEDF5 /* 29*2.png in Resources */ = {isa = PBXBuildFile; fileRef = 67E7DA3B1B323A36000EEDF5 /* 29*2.png */; };
		67E7DA3F1B3251EF000EEDF5 /* 60*2.png in Resources */ = {isa = PBXBuildFile; fileRef = 67E7DA3D1B3251EF000EEDF5 /* 60*2.png */; };
		67E7DA401B3251EF000EEDF5 /* 60*3.png in Resources */ = {isa = PBXBuildFile; fileRef = 67E7DA3E1B3251EF000EEDF5 /* 60*3.png */; };
		67E7DAB11B3296FF000EEDF5 /* ScoreViewController.m in Sources */ = {isa = PBXBuildFile; fileRef = 67E7DAB01B3296FF000EEDF5 /* ScoreViewController.m */; };
/* End PBXBuildFile section */

/* Begin PBXContainerItemProxy section */
		67987C771B2FF09A0051A843 /* PBXContainerItemProxy */ = {
			isa = PBXContainerItemProxy;
			containerPortal = 67987C551B2FF09A0051A843 /* Project object */;
			proxyType = 1;
			remoteGlobalIDString = 67987C5C1B2FF09A0051A843;
			remoteInfo = 2048;
		};
/* End PBXContainerItemProxy section */

/* Begin PBXFileReference section */
		6765D3181B9F2D2A00BEDAB2 /* music.wav */ = {isa = PBXFileReference; lastKnownFileType = audio.wav; path = music.wav; sourceTree = "<group>"; };
		6797D79C1B34698A00A2DD9B /* silent.png */ = {isa = PBXFileReference; lastKnownFileType = image.png; path = silent.png; sourceTree = "<group>"; };
		6797D79D1B34698A00A2DD9B /* super.png */ = {isa = PBXFileReference; lastKnownFileType = image.png; path = super.png; sourceTree = "<group>"; };
		67987C5D1B2FF09A0051A843 /* 2048.app */ = {isa = PBXFileReference; explicitFileType = wrapper.application; includeInIndex = 0; path = 2048.app; sourceTree = BUILT_PRODUCTS_DIR; };
		67987C611B2FF09A0051A843 /* Info.plist */ = {isa = PBXFileReference; lastKnownFileType = text.plist.xml; path = Info.plist; sourceTree = "<group>"; };
		67987C621B2FF09A0051A843 /* main.m */ = {isa = PBXFileReference; lastKnownFileType = sourcecode.c.objc; path = main.m; sourceTree = "<group>"; };
		67987C641B2FF09A0051A843 /* AppDelegate.h */ = {isa = PBXFileReference; lastKnownFileType = sourcecode.c.h; path = AppDelegate.h; sourceTree = "<group>"; };
		67987C651B2FF09A0051A843 /* AppDelegate.m */ = {isa = PBXFileReference; lastKnownFileType = sourcecode.c.objc; path = AppDelegate.m; sourceTree = "<group>"; };
		67987C6B1B2FF09A0051A843 /* Base */ = {isa = PBXFileReference; lastKnownFileType = file.storyboard; name = Base; path = Base.lproj/Main.storyboard; sourceTree = "<group>"; };
		67987C6D1B2FF09A0051A843 /* Images.xcassets */ = {isa = PBXFileReference; lastKnownFileType = folder.assetcatalog; path = Images.xcassets; sourceTree = "<group>"; };
		67987C701B2FF09A0051A843 /* Base */ = {isa = PBXFileReference; lastKnownFileType = file.xib; name = Base; path = Base.lproj/LaunchScreen.xib; sourceTree = "<group>"; };
		67987C761B2FF09A0051A843 /* 2048Tests.xctest */ = {isa = PBXFileReference; explicitFileType = wrapper.cfbundle; includeInIndex = 0; path = 2048Tests.xctest; sourceTree = BUILT_PRODUCTS_DIR; };
		67987C7B1B2FF09A0051A843 /* Info.plist */ = {isa = PBXFileReference; lastKnownFileType = text.plist.xml; path = Info.plist; sourceTree = "<group>"; };
		67987C7C1B2FF09A0051A843 /* _048Tests.m */ = {isa = PBXFileReference; lastKnownFileType = sourcecode.c.objc; path = _048Tests.m; sourceTree = "<group>"; };
		67987C991B3008730051A843 /* RootViewController.h */ = {isa = PBXFileReference; fileEncoding = 4; lastKnownFileType = sourcecode.c.h; path = RootViewController.h; sourceTree = "<group>"; };
		67987C9A1B3008730051A843 /* RootViewController.m */ = {isa = PBXFileReference; fileEncoding = 4; lastKnownFileType = sourcecode.c.objc; path = RootViewController.m; sourceTree = "<group>"; };
		67E7DA2D1B31666A000EEDF5 /* MainViewController.h */ = {isa = PBXFileReference; fileEncoding = 4; lastKnownFileType = sourcecode.c.h; path = MainViewController.h; sourceTree = "<group>"; };
		67E7DA2E1B31666A000EEDF5 /* MainViewController.m */ = {isa = PBXFileReference; fileEncoding = 4; lastKnownFileType = sourcecode.c.objc; path = MainViewController.m; sourceTree = "<group>"; };
		67E7DA301B319017000EEDF5 /* PassArgs.h */ = {isa = PBXFileReference; fileEncoding = 4; lastKnownFileType = sourcecode.c.h; path = PassArgs.h; sourceTree = "<group>"; };
		67E7DA321B32390D000EEDF5 /* 29*3.png */ = {isa = PBXFileReference; lastKnownFileType = image.png; path = "29*3.png"; sourceTree = "<group>"; };
		67E7DA331B32390D000EEDF5 /* 40*2.png */ = {isa = PBXFileReference; lastKnownFileType = image.png; path = "40*2.png"; sourceTree = "<group>"; };
		67E7DA341B32390D000EEDF5 /* 40*3.png */ = {isa = PBXFileReference; lastKnownFileType = image.png; path = "40*3.png"; sourceTree = "<group>"; };
		67E7DA3B1B323A36000EEDF5 /* 29*2.png */ = {isa = PBXFileReference; lastKnownFileType = image.png; path = "29*2.png"; sourceTree = "<group>"; };
		67E7DA3D1B3251EF000EEDF5 /* 60*2.png */ = {isa = PBXFileReference; lastKnownFileType = image.png; path = "60*2.png"; sourceTree = "<group>"; };
		67E7DA3E1B3251EF000EEDF5 /* 60*3.png */ = {isa = PBXFileReference; lastKnownFileType = image.png; path = "60*3.png"; sourceTree = "<group>"; };
		67E7DAAF1B3296FF000EEDF5 /* ScoreViewController.h */ = {isa = PBXFileReference; fileEncoding = 4; lastKnownFileType = sourcecode.c.h; path = ScoreViewController.h; sourceTree = "<group>"; };
		67E7DAB01B3296FF000EEDF5 /* ScoreViewController.m */ = {isa = PBXFileReference; fileEncoding = 4; lastKnownFileType = sourcecode.c.objc; path = ScoreViewController.m; sourceTree = "<group>"; };
/* End PBXFileReference section */

/* Begin PBXFrameworksBuildPhase section */
		67987C5A1B2FF09A0051A843 /* Frameworks */ = {
			isa = PBXFrameworksBuildPhase;
			buildActionMask = 2147483647;
			files = (
			);
			runOnlyForDeploymentPostprocessing = 0;
		};
		67987C731B2FF09A0051A843 /* Frameworks */ = {
			isa = PBXFrameworksBuildPhase;
			buildActionMask = 2147483647;
			files = (
			);
			runOnlyForDeploymentPostprocessing = 0;
		};
/* End PBXFrameworksBuildPhase section */

/* Begin PBXGroup section */
		67987C541B2FF09A0051A843 = {
			isa = PBXGroup;
			children = (
				67987C5F1B2FF09A0051A843 /* 2048 */,
				67987C791B2FF09A0051A843 /* 2048Tests */,
				67987C5E1B2FF09A0051A843 /* Products */,
			);
			sourceTree = "<group>";
		};
		67987C5E1B2FF09A0051A843 /* Products */ = {
			isa = PBXGroup;
			children = (
				67987C5D1B2FF09A0051A843 /* 2048.app */,
				67987C761B2FF09A0051A843 /* 2048Tests.xctest */,
			);
			name = Products;
			sourceTree = "<group>";
		};
		67987C5F1B2FF09A0051A843 /* 2048 */ = {
			isa = PBXGroup;
			children = (
				67987C641B2FF09A0051A843 /* AppDelegate.h */,
				67987C651B2FF09A0051A843 /* AppDelegate.m */,
				67987C6A1B2FF09A0051A843 /* Main.storyboard */,
				67987C6D1B2FF09A0051A843 /* Images.xcassets */,
				67987C6F1B2FF09A0051A843 /* LaunchScreen.xib */,
				67987C601B2FF09A0051A843 /* Supporting Files */,
				67987C991B3008730051A843 /* RootViewController.h */,
				67987C9A1B3008730051A843 /* RootViewController.m */,
				67E7DA2D1B31666A000EEDF5 /* MainViewController.h */,
				67E7DA2E1B31666A000EEDF5 /* MainViewController.m */,
				67E7DA301B319017000EEDF5 /* PassArgs.h */,
				67E7DAAF1B3296FF000EEDF5 /* ScoreViewController.h */,
				67E7DAB01B3296FF000EEDF5 /* ScoreViewController.m */,
			);
			path = 2048;
			sourceTree = "<group>";
		};
		67987C601B2FF09A0051A843 /* Supporting Files */ = {
			isa = PBXGroup;
			children = (
				6765D3181B9F2D2A00BEDAB2 /* music.wav */,
				6797D79C1B34698A00A2DD9B /* silent.png */,
				6797D79D1B34698A00A2DD9B /* super.png */,
				67E7DA3D1B3251EF000EEDF5 /* 60*2.png */,
				67E7DA3E1B3251EF000EEDF5 /* 60*3.png */,
				67E7DA3B1B323A36000EEDF5 /* 29*2.png */,
				67E7DA321B32390D000EEDF5 /* 29*3.png */,
				67E7DA331B32390D000EEDF5 /* 40*2.png */,
				67E7DA341B32390D000EEDF5 /* 40*3.png */,
				67987C611B2FF09A0051A843 /* Info.plist */,
				67987C621B2FF09A0051A843 /* main.m */,
			);
			name = "Supporting Files";
			sourceTree = "<group>";
		};
		67987C791B2FF09A0051A843 /* 2048Tests */ = {
			isa = PBXGroup;
			children = (
				67987C7C1B2FF09A0051A843 /* _048Tests.m */,
				67987C7A1B2FF09A0051A843 /* Supporting Files */,
			);
			path = 2048Tests;
			sourceTree = "<group>";
		};
		67987C7A1B2FF09A0051A843 /* Supporting Files */ = {
			isa = PBXGroup;
			children = (
				67987C7B1B2FF09A0051A843 /* Info.plist */,
			);
			name = "Supporting Files";
			sourceTree = "<group>";
		};
/* End PBXGroup section */

/* Begin PBXNativeTarget section */
		67987C5C1B2FF09A0051A843 /* 2048 */ = {
			isa = PBXNativeTarget;
			buildConfigurationList = 67987C801B2FF09A0051A843 /* Build configuration list for PBXNativeTarget "2048" */;
			buildPhases = (
				67987C591B2FF09A0051A843 /* Sources */,
				67987C5A1B2FF09A0051A843 /* Frameworks */,
				67987C5B1B2FF09A0051A843 /* Resources */,
			);
			buildRules = (
			);
			dependencies = (
			);
			name = 2048;
			productName = 2048;
			productReference = 67987C5D1B2FF09A0051A843 /* 2048.app */;
			productType = "com.apple.product-type.application";
		};
		67987C751B2FF09A0051A843 /* 2048Tests */ = {
			isa = PBXNativeTarget;
			buildConfigurationList = 67987C831B2FF09A0051A843 /* Build configuration list for PBXNativeTarget "2048Tests" */;
			buildPhases = (
				67987C721B2FF09A0051A843 /* Sources */,
				67987C731B2FF09A0051A843 /* Frameworks */,
				67987C741B2FF09A0051A843 /* Resources */,
			);
			buildRules = (
			);
			dependencies = (
				67987C781B2FF09A0051A843 /* PBXTargetDependency */,
			);
			name = 2048Tests;
			productName = 2048Tests;
			productReference = 67987C761B2FF09A0051A843 /* 2048Tests.xctest */;
			productType = "com.apple.product-type.bundle.unit-test";
		};
/* End PBXNativeTarget section */

/* Begin PBXProject section */
		67987C551B2FF09A0051A843 /* Project object */ = {
			isa = PBXProject;
			attributes = {
				LastUpgradeCheck = 0630;
				ORGANIZATIONNAME = ljb;
				TargetAttributes = {
					67987C5C1B2FF09A0051A843 = {
						CreatedOnToolsVersion = 6.3.1;
					};
					67987C751B2FF09A0051A843 = {
						CreatedOnToolsVersion = 6.3.1;
						TestTargetID = 67987C5C1B2FF09A0051A843;
					};
				};
			};
			buildConfigurationList = 67987C581B2FF09A0051A843 /* Build configuration list for PBXProject "2048" */;
			compatibilityVersion = "Xcode 3.2";
			developmentRegion = English;
			hasScannedForEncodings = 0;
			knownRegions = (
				en,
				Base,
			);
			mainGroup = 67987C541B2FF09A0051A843;
			productRefGroup = 67987C5E1B2FF09A0051A843 /* Products */;
			projectDirPath = "";
			projectRoot = "";
			targets = (
				67987C5C1B2FF09A0051A843 /* 2048 */,
				67987C751B2FF09A0051A843 /* 2048Tests */,
			);
		};
/* End PBXProject section */

/* Begin PBXResourcesBuildPhase section */
		67987C5B1B2FF09A0051A843 /* Resources */ = {
			isa = PBXResourcesBuildPhase;
			buildActionMask = 2147483647;
			files = (
				67E7DA401B3251EF000EEDF5 /* 60*3.png in Resources */,
				6797D79F1B34698A00A2DD9B /* super.png in Resources */,
				6765D3191B9F2D2A00BEDAB2 /* music.wav in Resources */,
				67987C6C1B2FF09A0051A843 /* Main.storyboard in Resources */,
				67987C711B2FF09A0051A843 /* LaunchScreen.xib in Resources */,
				67E7DA381B32390D000EEDF5 /* 40*3.png in Resources */,
				67E7DA3C1B323A36000EEDF5 /* 29*2.png in Resources */,
				67E7DA361B32390D000EEDF5 /* 29*3.png in Resources */,
				67E7DA3F1B3251EF000EEDF5 /* 60*2.png in Resources */,
				67E7DA371B32390D000EEDF5 /* 40*2.png in Resources */,
				6797D79E1B34698A00A2DD9B /* silent.png in Resources */,
				67987C6E1B2FF09A0051A843 /* Images.xcassets in Resources */,
			);
			runOnlyForDeploymentPostprocessing = 0;
		};
		67987C741B2FF09A0051A843 /* Resources */ = {
			isa = PBXResourcesBuildPhase;
			buildActionMask = 2147483647;
			files = (
			);
			runOnlyForDeploymentPostprocessing = 0;
		};
/* End PBXResourcesBuildPhase section */

/* Begin PBXSourcesBuildPhase section */
		67987C591B2FF09A0051A843 /* Sources */ = {
			isa = PBXSourcesBuildPhase;
			buildActionMask = 2147483647;
			files = (
				67E7DAB11B3296FF000EEDF5 /* ScoreViewController.m in Sources */,
				67987C661B2FF09A0051A843 /* AppDelegate.m in Sources */,
				67987C631B2FF09A0051A843 /* main.m in Sources */,
				67987C9B1B3008730051A843 /* RootViewController.m in Sources */,
				67E7DA2F1B31666A000EEDF5 /* MainViewController.m in Sources */,
			);
			runOnlyForDeploymentPostprocessing = 0;
		};
		67987C721B2FF09A0051A843 /* Sources */ = {
			isa = PBXSourcesBuildPhase;
			buildActionMask = 2147483647;
			files = (
				67987C7D1B2FF09A0051A843 /* _048Tests.m in Sources */,
			);
			runOnlyForDeploymentPostprocessing = 0;
		};
/* End PBXSourcesBuildPhase section */

/* Begin PBXTargetDependency section */
		67987C781B2FF09A0051A843 /* PBXTargetDependency */ = {
			isa = PBXTargetDependency;
			target = 67987C5C1B2FF09A0051A843 /* 2048 */;
			targetProxy = 67987C771B2FF09A0051A843 /* PBXContainerItemProxy */;
		};
/* End PBXTargetDependency section */

/* Begin PBXVariantGroup section */
		67987C6A1B2FF09A0051A843 /* Main.storyboard */ = {
			isa = PBXVariantGroup;
			children = (
				67987C6B1B2FF09A0051A843 /* Base */,
			);
			name = Main.storyboard;
			sourceTree = "<group>";
		};
		67987C6F1B2FF09A0051A843 /* LaunchScreen.xib */ = {
			isa = PBXVariantGroup;
			children = (
				67987C701B2FF09A0051A843 /* Base */,
			);
			name = LaunchScreen.xib;
			sourceTree = "<group>";
		};
/* End PBXVariantGroup section */

/* Begin XCBuildConfiguration section */
		67987C7E1B2FF09A0051A843 /* Debug */ = {
			isa = XCBuildConfiguration;
			buildSettings = {
				ALWAYS_SEARCH_USER_PATHS = NO;
				CLANG_CXX_LANGUAGE_STANDARD = "gnu++0x";
				CLANG_CXX_LIBRARY = "libc++";
				CLANG_ENABLE_MODULES = YES;
				CLANG_ENABLE_OBJC_ARC = YES;
				CLANG_WARN_BOOL_CONVERSION = YES;
				CLANG_WARN_CONSTANT_CONVERSION = YES;
				CLANG_WARN_DIRECT_OBJC_ISA_USAGE = YES_ERROR;
				CLANG_WARN_EMPTY_BODY = YES;
				CLANG_WARN_ENUM_CONVERSION = YES;
				CLANG_WARN_INT_CONVERSION = YES;
				CLANG_WARN_OBJC_ROOT_CLASS = YES_ERROR;
				CLANG_WARN_UNREACHABLE_CODE = YES;
				CLANG_WARN__DUPLICATE_METHOD_MATCH = YES;
				"CODE_SIGN_IDENTITY[sdk=iphoneos*]" = "iPhone Developer";
				COPY_PHASE_STRIP = NO;
				DEBUG_INFORMATION_FORMAT = "dwarf-with-dsym";
				ENABLE_STRICT_OBJC_MSGSEND = YES;
				GCC_C_LANGUAGE_STANDARD = gnu99;
				GCC_DYNAMIC_NO_PIC = NO;
				GCC_NO_COMMON_BLOCKS = YES;
				GCC_OPTIMIZATION_LEVEL = 0;
				GCC_PREPROCESSOR_DEFINITIONS = (
					"DEBUG=1",
					"$(inherited)",
				);
				GCC_SYMBOLS_PRIVATE_EXTERN = NO;
				GCC_WARN_64_TO_32_BIT_CONVERSION = YES;
				GCC_WARN_ABOUT_RETURN_TYPE = YES_ERROR;
				GCC_WARN_UNDECLARED_SELECTOR = YES;
				GCC_WARN_UNINITIALIZED_AUTOS = YES_AGGRESSIVE;
				GCC_WARN_UNUSED_FUNCTION = YES;
				GCC_WARN_UNUSED_VARIABLE = YES;
				IPHONEOS_DEPLOYMENT_TARGET = 8.3;
				MTL_ENABLE_DEBUG_INFO = YES;
				ONLY_ACTIVE_ARCH = YES;
				SDKROOT = iphoneos;
			};
			name = Debug;
		};
		67987C7F1B2FF09A0051A843 /* Release */ = {
			isa = XCBuildConfiguration;
			buildSettings = {
				ALWAYS_SEARCH_USER_PATHS = NO;
				CLANG_CXX_LANGUAGE_STANDARD = "gnu++0x";
				CLANG_CXX_LIBRARY = "libc++";
				CLANG_ENABLE_MODULES = YES;
				CLANG_ENABLE_OBJC_ARC = YES;
				CLANG_WARN_BOOL_CONVERSION = YES;
				CLANG_WARN_CONSTANT_CONVERSION = YES;
				CLANG_WARN_DIRECT_OBJC_ISA_USAGE = YES_ERROR;
				CLANG_WARN_EMPTY_BODY = YES;
				CLANG_WARN_ENUM_CONVERSION = YES;
				CLANG_WARN_INT_CONVERSION = YES;
				CLANG_WARN_OBJC_ROOT_CLASS = YES_ERROR;
				CLANG_WARN_UNREACHABLE_CODE = YES;
				CLANG_WARN__DUPLICATE_METHOD_MATCH = YES;
				"CODE_SIGN_IDENTITY[sdk=iphoneos*]" = "iPhone Developer";
				COPY_PHASE_STRIP = NO;
				DEBUG_INFORMATION_FORMAT = "dwarf-with-dsym";
				ENABLE_NS_ASSERTIONS = NO;
				ENABLE_STRICT_OBJC_MSGSEND = YES;
				GCC_C_LANGUAGE_STANDARD = gnu99;
				GCC_NO_COMMON_BLOCKS = YES;
				GCC_WARN_64_TO_32_BIT_CONVERSION = YES;
				GCC_WARN_ABOUT_RETURN_TYPE = YES_ERROR;
				GCC_WARN_UNDECLARED_SELECTOR = YES;
				GCC_WARN_UNINITIALIZED_AUTOS = YES_AGGRESSIVE;
				GCC_WARN_UNUSED_FUNCTION = YES;
				GCC_WARN_UNUSED_VARIABLE = YES;
				IPHONEOS_DEPLOYMENT_TARGET = 8.3;
				MTL_ENABLE_DEBUG_INFO = NO;
				SDKROOT = iphoneos;
				VALIDATE_PRODUCT = YES;
			};
			name = Release;
		};
		67987C811B2FF09A0051A843 /* Debug */ = {
			isa = XCBuildConfiguration;
			buildSettings = {
				ASSETCATALOG_COMPILER_APPICON_NAME = AppIcon;
				CODE_SIGN_IDENTITY = "iPhone Developer: quanlan haung (TL28AJY4QE)";
				INFOPLIST_FILE = 2048/Info.plist;
				IPHONEOS_DEPLOYMENT_TARGET = 8.4;
				LD_RUNPATH_SEARCH_PATHS = "$(inherited) @executable_path/Frameworks";
				PRODUCT_NAME = "$(TARGET_NAME)";
				PROVISIONING_PROFILE = "9d59a5df-b84a-417d-b200-cb04c60b4f9b";
			};
			name = Debug;
		};
		67987C821B2FF09A0051A843 /* Release */ = {
			isa = XCBuildConfiguration;
			buildSettings = {
				ASSETCATALOG_COMPILER_APPICON_NAME = AppIcon;
				CODE_SIGN_IDENTITY = "iPhone Developer: quanlan haung (TL28AJY4QE)";
				INFOPLIST_FILE = 2048/Info.plist;
				IPHONEOS_DEPLOYMENT_TARGET = 8.4;
				LD_RUNPATH_SEARCH_PATHS = "$(inherited) @executable_path/Frameworks";
				PRODUCT_NAME = "$(TARGET_NAME)";
				PROVISIONING_PROFILE = "9d59a5df-b84a-417d-b200-cb04c60b4f9b";
			};
			name = Release;
		};
		67987C841B2FF09A0051A843 /* Debug */ = {
			isa = XCBuildConfiguration;
			buildSettings = {
				BUNDLE_LOADER = "$(TEST_HOST)";
				FRAMEWORK_SEARCH_PATHS = (
					"$(SDKROOT)/Developer/Library/Frameworks",
					"$(inherited)",
				);
				GCC_PREPROCESSOR_DEFINITIONS = (
					"DEBUG=1",
					"$(inherited)",
				);
				INFOPLIST_FILE = 2048Tests/Info.plist;
				LD_RUNPATH_SEARCH_PATHS = "$(inherited) @executable_path/Frameworks @loader_path/Frameworks";
				PRODUCT_NAME = "$(TARGET_NAME)";
				TEST_HOST = "$(BUILT_PRODUCTS_DIR)/2048.app/2048";
			};
			name = Debug;
		};
		67987C851B2FF09A0051A843 /* Release */ = {
			isa = XCBuildConfiguration;
			buildSettings = {
				BUNDLE_LOADER = "$(TEST_HOST)";
				FRAMEWORK_SEARCH_PATHS = (
					"$(SDKROOT)/Developer/Library/Frameworks",
					"$(inherited)",
				);
				INFOPLIST_FILE = 2048Tests/Info.plist;
				LD_RUNPATH_SEARCH_PATHS = "$(inherited) @executable_path/Frameworks @loader_path/Frameworks";
				PRODUCT_NAME = "$(TARGET_NAME)";
				TEST_HOST = "$(BUILT_PRODUCTS_DIR)/2048.app/2048";
			};
			name = Release;
		};
/* End XCBuildConfiguration section */

/* Begin XCConfigurationList section */
		67987C581B2FF09A0051A843 /* Build configuration list for PBXProject "2048" */ = {
			isa = XCConfigurationList;
			buildConfigurations = (
				67987C7E1B2FF09A0051A843 /* Debug */,
				67987C7F1B2FF09A0051A843 /* Release */,
			);
			defaultConfigurationIsVisible = 0;
			defaultConfigurationName = Release;
		};
		67987C801B2FF09A0051A843 /* Build configuration list for PBXNativeTarget "2048" */ = {
			isa = XCConfigurationList;
			buildConfigurations = (
				67987C811B2FF09A0051A843 /* Debug */,
				67987C821B2FF09A0051A843 /* Release */,
			);
			defaultConfigurationIsVisible = 0;
			defaultConfigurationName = Release;
		};
		67987C831B2FF09A0051A843 /* Build configuration list for PBXNativeTarget "2048Tests" */ = {
			isa = XCConfigurationList;
			buildConfigurations = (
				67987C841B2FF09A0051A843 /* Debug */,
				67987C851B2FF09A0051A843 /* Release */,
			);
			defaultConfigurationIsVisible = 0;
			defaultConfigurationName = Release;
		};
/* End XCConfigurationList section */
	};
	rootObject = 67987C551B2FF09A0051A843 /* Project object */;
}
